<?xml version="1.0" encoding="UTF-8" standalone="yes" ?>
<CodeBlocks_project_file>
	<FileVersion major="1" minor="6" />
	<Project>
		<Option title="2nd final flappy bird" />
		<Option pch_mode="2" />
		<Option compiler="gcc" />
		<Build>
			<Target title="Debug">
				<Option output="bin/Debug/2nd final flappy bird" prefix_auto="1" extension_auto="1" />
				<Option object_output="obj/Debug/" />
				<Option type="1" />
				<Option compiler="gcc" />
				<Compiler>
					<Add option="-g" />
				</Compiler>
				<Linker>
					<Add library="sfml-graphics-d" />
					<Add library="sfml-window-d" />
					<Add library="sfml-system-d" />
				</Linker>
			</Target>
			<Target title="Release">
				<Option output="bin/Release/2nd final flappy bird" prefix_auto="1" extension_auto="1" />
				<Option object_output="obj/Release/" />
				<Option type="1" />
				<Option compiler="gcc" />
				<Compiler>
					<Add option="-O2" />
				</Compiler>
				<Linker>
					<Add option="-s" />
					<Add library="sfml-graphics" />
					<Add library="sfml-window" />
					<Add library="sfml-system" />
				</Linker>
			</Target>
		</Build>
		<Compiler>
			<Add option="-Wall" />
			<Add directory="C:/Users/user/Downloads/SFML-2.6.2-windows-gcc-13.1.0-mingw-64-bit/SFML-2.6.2/include" />
		</Compiler>
		<Linker>
			<Add directory="C:/Users/user/Downloads/SFML-2.6.2-windows-gcc-13.1.0-mingw-64-bit/SFML-2.6.2/lib" />
		</Linker>
		<Unit filename="arial.ttf" />
		<Unit filename="background.png" />
		<Unit filename="bird.png" />
		<Unit filename="highscore_button.png" />
		<Unit filename="main.cpp" />
		<Unit filename="pipe.png" />
		<Unit filename="splash.png" />
		<Unit filename="start_button.png" />
		<Unit filename="title 2.png" />
		<Unit filename="title.png" />
		<Extensions>
			<lib_finder disable_auto="1" />
		</Extensions>
	</Project>
</CodeBlocks_project_file>
